// !$*UTF8*$!
{
	archiveVersion = 1;
	classes = {
	};
	objectVersion = 56;
	objects = {

/* Begin PBXBuildFile section */
		01314F86296CC6700076445C /* BlockBitsApp.swift in Sources */ = {isa = PBXBuildFile; fileRef = 01314F85296CC6700076445C /* BlockBitsApp.swift */; };
		01314F8A296CC6740076445C /* Assets.xcassets in Resources */ = {isa = PBXBuildFile; fileRef = 01314F89296CC6740076445C /* Assets.xcassets */; };
		01314F8D296CC6740076445C /* Preview Assets.xcassets in Resources */ = {isa = PBXBuildFile; fileRef = 01314F8C296CC6740076445C /* Preview Assets.xcassets */; };
		01314F97296CC6750076445C /* BlockBitsTests.swift in Sources */ = {isa = PBXBuildFile; fileRef = 01314F96296CC6750076445C /* BlockBitsTests.swift */; };
		01314FA1296CC6750076445C /* BlockBitsUITests.swift in Sources */ = {isa = PBXBuildFile; fileRef = 01314FA0296CC6750076445C /* BlockBitsUITests.swift */; };
		01314FA3296CC6750076445C /* BlockBitsUITestsLaunchTests.swift in Sources */ = {isa = PBXBuildFile; fileRef = 01314FA2296CC6750076445C /* BlockBitsUITestsLaunchTests.swift */; };
		01314FB1296CD3DF0076445C /* Apollo in Frameworks */ = {isa = PBXBuildFile; productRef = 01314FB0296CD3DF0076445C /* Apollo */; };
		01314FB7296CD6850076445C /* ApolloClient.swift in Sources */ = {isa = PBXBuildFile; fileRef = 01314FB6296CD6850076445C /* ApolloClient.swift */; };
		01314FB8296CD6850076445C /* ApolloClient.swift in Sources */ = {isa = PBXBuildFile; fileRef = 01314FB6296CD6850076445C /* ApolloClient.swift */; };
		01314FB9296CD6850076445C /* ApolloClient.swift in Sources */ = {isa = PBXBuildFile; fileRef = 01314FB6296CD6850076445C /* ApolloClient.swift */; };
		01314FBF296CDD9A0076445C /* SwiftBloc in Frameworks */ = {isa = PBXBuildFile; productRef = 01314FBE296CDD9A0076445C /* SwiftBloc */; };
		0138084F297609EF004AD219 /* LoginAdapter.swift in Sources */ = {isa = PBXBuildFile; fileRef = 0138084E297609EF004AD219 /* LoginAdapter.swift */; };
		01380850297609EF004AD219 /* LoginAdapter.swift in Sources */ = {isa = PBXBuildFile; fileRef = 0138084E297609EF004AD219 /* LoginAdapter.swift */; };
		01380851297609EF004AD219 /* LoginAdapter.swift in Sources */ = {isa = PBXBuildFile; fileRef = 0138084E297609EF004AD219 /* LoginAdapter.swift */; };
		0138085329760AA2004AD219 /* HttpResponse.swift in Sources */ = {isa = PBXBuildFile; fileRef = 0138085229760AA2004AD219 /* HttpResponse.swift */; };
		0138085429760AA2004AD219 /* HttpResponse.swift in Sources */ = {isa = PBXBuildFile; fileRef = 0138085229760AA2004AD219 /* HttpResponse.swift */; };
		0138085529760AA2004AD219 /* HttpResponse.swift in Sources */ = {isa = PBXBuildFile; fileRef = 0138085229760AA2004AD219 /* HttpResponse.swift */; };
		0138085729761884004AD219 /* LoginProvider.swift in Sources */ = {isa = PBXBuildFile; fileRef = 0138085629761884004AD219 /* LoginProvider.swift */; };
		0138085829761884004AD219 /* LoginProvider.swift in Sources */ = {isa = PBXBuildFile; fileRef = 0138085629761884004AD219 /* LoginProvider.swift */; };
		0138085929761884004AD219 /* LoginProvider.swift in Sources */ = {isa = PBXBuildFile; fileRef = 0138085629761884004AD219 /* LoginProvider.swift */; };
		0138085B29761F70004AD219 /* HttpClient.swift in Sources */ = {isa = PBXBuildFile; fileRef = 0138085A29761F70004AD219 /* HttpClient.swift */; };
		0138085C29761F70004AD219 /* HttpClient.swift in Sources */ = {isa = PBXBuildFile; fileRef = 0138085A29761F70004AD219 /* HttpClient.swift */; };
		0138085D29761F70004AD219 /* HttpClient.swift in Sources */ = {isa = PBXBuildFile; fileRef = 0138085A29761F70004AD219 /* HttpClient.swift */; };
		01CD7E892974C0860040B8FD /* LoginView.swift in Sources */ = {isa = PBXBuildFile; fileRef = 01CD7E882974C0860040B8FD /* LoginView.swift */; };
		01CD7E8A2974C0860040B8FD /* LoginView.swift in Sources */ = {isa = PBXBuildFile; fileRef = 01CD7E882974C0860040B8FD /* LoginView.swift */; };
		01CD7E8B2974C0860040B8FD /* LoginView.swift in Sources */ = {isa = PBXBuildFile; fileRef = 01CD7E882974C0860040B8FD /* LoginView.swift */; };
/* End PBXBuildFile section */

/* Begin PBXContainerItemProxy section */
		01314F93296CC6750076445C /* PBXContainerItemProxy */ = {
			isa = PBXContainerItemProxy;
			containerPortal = 01314F7A296CC6700076445C /* Project object */;
			proxyType = 1;
			remoteGlobalIDString = 01314F81296CC6700076445C;
			remoteInfo = BlockBits;
		};
		01314F9D296CC6750076445C /* PBXContainerItemProxy */ = {
			isa = PBXContainerItemProxy;
			containerPortal = 01314F7A296CC6700076445C /* Project object */;
			proxyType = 1;
			remoteGlobalIDString = 01314F81296CC6700076445C;
			remoteInfo = BlockBits;
		};
/* End PBXContainerItemProxy section */

/* Begin PBXFileReference section */
		01314F82296CC6700076445C /* BlockBits.app */ = {isa = PBXFileReference; explicitFileType = wrapper.application; includeInIndex = 0; path = BlockBits.app; sourceTree = BUILT_PRODUCTS_DIR; };
		01314F85296CC6700076445C /* BlockBitsApp.swift */ = {isa = PBXFileReference; lastKnownFileType = sourcecode.swift; path = BlockBitsApp.swift; sourceTree = "<group>"; };
		01314F89296CC6740076445C /* Assets.xcassets */ = {isa = PBXFileReference; lastKnownFileType = folder.assetcatalog; path = Assets.xcassets; sourceTree = "<group>"; };
		01314F8C296CC6740076445C /* Preview Assets.xcassets */ = {isa = PBXFileReference; lastKnownFileType = folder.assetcatalog; path = "Preview Assets.xcassets"; sourceTree = "<group>"; };
		01314F92296CC6750076445C /* BlockBitsTests.xctest */ = {isa = PBXFileReference; explicitFileType = wrapper.cfbundle; includeInIndex = 0; path = BlockBitsTests.xctest; sourceTree = BUILT_PRODUCTS_DIR; };
		01314F96296CC6750076445C /* BlockBitsTests.swift */ = {isa = PBXFileReference; lastKnownFileType = sourcecode.swift; path = BlockBitsTests.swift; sourceTree = "<group>"; };
		01314F9C296CC6750076445C /* BlockBitsUITests.xctest */ = {isa = PBXFileReference; explicitFileType = wrapper.cfbundle; includeInIndex = 0; path = BlockBitsUITests.xctest; sourceTree = BUILT_PRODUCTS_DIR; };
		01314FA0296CC6750076445C /* BlockBitsUITests.swift */ = {isa = PBXFileReference; lastKnownFileType = sourcecode.swift; path = BlockBitsUITests.swift; sourceTree = "<group>"; };
		01314FA2296CC6750076445C /* BlockBitsUITestsLaunchTests.swift */ = {isa = PBXFileReference; lastKnownFileType = sourcecode.swift; path = BlockBitsUITestsLaunchTests.swift; sourceTree = "<group>"; };
		01314FB6296CD6850076445C /* ApolloClient.swift */ = {isa = PBXFileReference; lastKnownFileType = sourcecode.swift; path = ApolloClient.swift; sourceTree = "<group>"; };
		0138084E297609EF004AD219 /* LoginAdapter.swift */ = {isa = PBXFileReference; lastKnownFileType = sourcecode.swift; path = LoginAdapter.swift; sourceTree = "<group>"; };
		0138085229760AA2004AD219 /* HttpResponse.swift */ = {isa = PBXFileReference; lastKnownFileType = sourcecode.swift; path = HttpResponse.swift; sourceTree = "<group>"; };
		0138085629761884004AD219 /* LoginProvider.swift */ = {isa = PBXFileReference; lastKnownFileType = sourcecode.swift; path = LoginProvider.swift; sourceTree = "<group>"; };
		0138085A29761F70004AD219 /* HttpClient.swift */ = {isa = PBXFileReference; lastKnownFileType = sourcecode.swift; path = HttpClient.swift; sourceTree = "<group>"; };
		01CD7E882974C0860040B8FD /* LoginView.swift */ = {isa = PBXFileReference; lastKnownFileType = sourcecode.swift; path = LoginView.swift; sourceTree = "<group>"; };
/* End PBXFileReference section */

/* Begin PBXFrameworksBuildPhase section */
		01314F7F296CC6700076445C /* Frameworks */ = {
			isa = PBXFrameworksBuildPhase;
			buildActionMask = 2147483647;
			files = (
				01314FBF296CDD9A0076445C /* SwiftBloc in Frameworks */,
				01314FB1296CD3DF0076445C /* Apollo in Frameworks */,
			);
			runOnlyForDeploymentPostprocessing = 0;
		};
		01314F8F296CC6750076445C /* Frameworks */ = {
			isa = PBXFrameworksBuildPhase;
			buildActionMask = 2147483647;
			files = (
			);
			runOnlyForDeploymentPostprocessing = 0;
		};
		01314F99296CC6750076445C /* Frameworks */ = {
			isa = PBXFrameworksBuildPhase;
			buildActionMask = 2147483647;
			files = (
			);
			runOnlyForDeploymentPostprocessing = 0;
		};
/* End PBXFrameworksBuildPhase section */

/* Begin PBXGroup section */
		01314F79296CC6700076445C = {
			isa = PBXGroup;
			children = (
				01314F84296CC6700076445C /* BlockBits */,
				01314F95296CC6750076445C /* BlockBitsTests */,
				01314F9F296CC6750076445C /* BlockBitsUITests */,
				01314F83296CC6700076445C /* Products */,
			);
			sourceTree = "<group>";
		};
		01314F83296CC6700076445C /* Products */ = {
			isa = PBXGroup;
			children = (
				01314F82296CC6700076445C /* BlockBits.app */,
				01314F92296CC6750076445C /* BlockBitsTests.xctest */,
				01314F9C296CC6750076445C /* BlockBitsUITests.xctest */,
			);
			name = Products;
			sourceTree = "<group>";
		};
		01314F84296CC6700076445C /* BlockBits */ = {
			isa = PBXGroup;
			children = (
				01314FB5296CD63A0076445C /* Tools */,
				01314FB4296CD6010076445C /* Services */,
				01314FB3296CD5FA0076445C /* Domain */,
				01314FB2296CD5F40076445C /* App */,
				01314F85296CC6700076445C /* BlockBitsApp.swift */,
				01314F89296CC6740076445C /* Assets.xcassets */,
				01314F8B296CC6740076445C /* Preview Content */,
			);
			path = BlockBits;
			sourceTree = "<group>";
		};
		01314F8B296CC6740076445C /* Preview Content */ = {
			isa = PBXGroup;
			children = (
				01314F8C296CC6740076445C /* Preview Assets.xcassets */,
			);
			path = "Preview Content";
			sourceTree = "<group>";
		};
		01314F95296CC6750076445C /* BlockBitsTests */ = {
			isa = PBXGroup;
			children = (
				01314F96296CC6750076445C /* BlockBitsTests.swift */,
			);
			path = BlockBitsTests;
			sourceTree = "<group>";
		};
		01314F9F296CC6750076445C /* BlockBitsUITests */ = {
			isa = PBXGroup;
			children = (
				01314FA0296CC6750076445C /* BlockBitsUITests.swift */,
				01314FA2296CC6750076445C /* BlockBitsUITestsLaunchTests.swift */,
			);
			path = BlockBitsUITests;
			sourceTree = "<group>";
		};
		01314FB2296CD5F40076445C /* App */ = {
			isa = PBXGroup;
			children = (
				01314FC1296CDF4D0076445C /* Blocs */,
				01314FC0296CDF460076445C /* Presentation */,
			);
			path = App;
			sourceTree = "<group>";
		};
		01314FB3296CD5FA0076445C /* Domain */ = {
			isa = PBXGroup;
			children = (
				01314FC3296CDF5D0076445C /* Models */,
				01314FC2296CDF540076445C /* Repositories */,
			);
			path = Domain;
			sourceTree = "<group>";
		};
		01314FB4296CD6010076445C /* Services */ = {
			isa = PBXGroup;
			children = (
				01314FC5296CDF8F0076445C /* Providers */,
				01314FC4296CDF870076445C /* Adapters */,
			);
			path = Services;
			sourceTree = "<group>";
		};
		01314FB5296CD63A0076445C /* Tools */ = {
			isa = PBXGroup;
			children = (
				01314FB6296CD6850076445C /* ApolloClient.swift */,
				0138085229760AA2004AD219 /* HttpResponse.swift */,
				0138085A29761F70004AD219 /* HttpClient.swift */,
			);
			path = Tools;
			sourceTree = "<group>";
		};
		01314FC0296CDF460076445C /* Presentation */ = {
			isa = PBXGroup;
			children = (
				01CD7E8C2974C0960040B8FD /* Login */,
			);
			path = Presentation;
			sourceTree = "<group>";
		};
		01314FC1296CDF4D0076445C /* Blocs */ = {
			isa = PBXGroup;
			children = (
			);
			path = Blocs;
			sourceTree = "<group>";
		};
		01314FC2296CDF540076445C /* Repositories */ = {
			isa = PBXGroup;
			children = (
			);
			path = Repositories;
			sourceTree = "<group>";
		};
		01314FC3296CDF5D0076445C /* Models */ = {
			isa = PBXGroup;
			children = (
			);
			path = Models;
			sourceTree = "<group>";
		};
		01314FC4296CDF870076445C /* Adapters */ = {
			isa = PBXGroup;
			children = (
				0138084E297609EF004AD219 /* LoginAdapter.swift */,
			);
			path = Adapters;
			sourceTree = "<group>";
		};
		01314FC5296CDF8F0076445C /* Providers */ = {
			isa = PBXGroup;
			children = (
				0138085629761884004AD219 /* LoginProvider.swift */,
			);
			path = Providers;
			sourceTree = "<group>";
		};
		01CD7E8C2974C0960040B8FD /* Login */ = {
			isa = PBXGroup;
			children = (
				01CD7E882974C0860040B8FD /* LoginView.swift */,
			);
			path = Login;
			sourceTree = "<group>";
		};
/* End PBXGroup section */

/* Begin PBXNativeTarget section */
		01314F81296CC6700076445C /* BlockBits */ = {
			isa = PBXNativeTarget;
			buildConfigurationList = 01314FA6296CC6750076445C /* Build configuration list for PBXNativeTarget "BlockBits" */;
			buildPhases = (
				01314F7E296CC6700076445C /* Sources */,
				01314F7F296CC6700076445C /* Frameworks */,
				01314F80296CC6700076445C /* Resources */,
			);
			buildRules = (
			);
			dependencies = (
			);
			name = BlockBits;
			packageProductDependencies = (
				01314FB0296CD3DF0076445C /* Apollo */,
				01314FBE296CDD9A0076445C /* SwiftBloc */,
			);
			productName = BlockBits;
			productReference = 01314F82296CC6700076445C /* BlockBits.app */;
			productType = "com.apple.product-type.application";
		};
		01314F91296CC6750076445C /* BlockBitsTests */ = {
			isa = PBXNativeTarget;
			buildConfigurationList = 01314FA9296CC6750076445C /* Build configuration list for PBXNativeTarget "BlockBitsTests" */;
			buildPhases = (
				01314F8E296CC6750076445C /* Sources */,
				01314F8F296CC6750076445C /* Frameworks */,
				01314F90296CC6750076445C /* Resources */,
			);
			buildRules = (
			);
			dependencies = (
				01314F94296CC6750076445C /* PBXTargetDependency */,
			);
			name = BlockBitsTests;
			productName = BlockBitsTests;
			productReference = 01314F92296CC6750076445C /* BlockBitsTests.xctest */;
			productType = "com.apple.product-type.bundle.unit-test";
		};
		01314F9B296CC6750076445C /* BlockBitsUITests */ = {
			isa = PBXNativeTarget;
			buildConfigurationList = 01314FAC296CC6750076445C /* Build configuration list for PBXNativeTarget "BlockBitsUITests" */;
			buildPhases = (
				01314F98296CC6750076445C /* Sources */,
				01314F99296CC6750076445C /* Frameworks */,
				01314F9A296CC6750076445C /* Resources */,
			);
			buildRules = (
			);
			dependencies = (
				01314F9E296CC6750076445C /* PBXTargetDependency */,
			);
			name = BlockBitsUITests;
			productName = BlockBitsUITests;
			productReference = 01314F9C296CC6750076445C /* BlockBitsUITests.xctest */;
			productType = "com.apple.product-type.bundle.ui-testing";
		};
/* End PBXNativeTarget section */

/* Begin PBXProject section */
		01314F7A296CC6700076445C /* Project object */ = {
			isa = PBXProject;
			attributes = {
				BuildIndependentTargetsInParallel = 1;
				LastSwiftUpdateCheck = 1420;
				LastUpgradeCheck = 1420;
				TargetAttributes = {
					01314F81296CC6700076445C = {
						CreatedOnToolsVersion = 14.2;
					};
					01314F91296CC6750076445C = {
						CreatedOnToolsVersion = 14.2;
						TestTargetID = 01314F81296CC6700076445C;
					};
					01314F9B296CC6750076445C = {
						CreatedOnToolsVersion = 14.2;
						TestTargetID = 01314F81296CC6700076445C;
					};
				};
			};
			buildConfigurationList = 01314F7D296CC6700076445C /* Build configuration list for PBXProject "BlockBits" */;
			compatibilityVersion = "Xcode 14.0";
			developmentRegion = en;
			hasScannedForEncodings = 0;
			knownRegions = (
				en,
				Base,
			);
			mainGroup = 01314F79296CC6700076445C;
			packageReferences = (
				01314FAF296CD3DF0076445C /* XCRemoteSwiftPackageReference "apollo-ios" */,
				01314FBD296CDD9A0076445C /* XCRemoteSwiftPackageReference "SwiftBloc" */,
			);
			productRefGroup = 01314F83296CC6700076445C /* Products */;
			projectDirPath = "";
			projectRoot = "";
			targets = (
				01314F81296CC6700076445C /* BlockBits */,
				01314F91296CC6750076445C /* BlockBitsTests */,
				01314F9B296CC6750076445C /* BlockBitsUITests */,
			);
		};
/* End PBXProject section */

/* Begin PBXResourcesBuildPhase section */
		01314F80296CC6700076445C /* Resources */ = {
			isa = PBXResourcesBuildPhase;
			buildActionMask = 2147483647;
			files = (
				01314F8D296CC6740076445C /* Preview Assets.xcassets in Resources */,
				01314F8A296CC6740076445C /* Assets.xcassets in Resources */,
			);
			runOnlyForDeploymentPostprocessing = 0;
		};
		01314F90296CC6750076445C /* Resources */ = {
			isa = PBXResourcesBuildPhase;
			buildActionMask = 2147483647;
			files = (
			);
			runOnlyForDeploymentPostprocessing = 0;
		};
		01314F9A296CC6750076445C /* Resources */ = {
			isa = PBXResourcesBuildPhase;
			buildActionMask = 2147483647;
			files = (
			);
			runOnlyForDeploymentPostprocessing = 0;
		};
/* End PBXResourcesBuildPhase section */

/* Begin PBXSourcesBuildPhase section */
		01314F7E296CC6700076445C /* Sources */ = {
			isa = PBXSourcesBuildPhase;
			buildActionMask = 2147483647;
			files = (
				0138085329760AA2004AD219 /* HttpResponse.swift in Sources */,
				01314F86296CC6700076445C /* BlockBitsApp.swift in Sources */,
				01CD7E892974C0860040B8FD /* LoginView.swift in Sources */,
				01314FB7296CD6850076445C /* ApolloClient.swift in Sources */,
				0138085B29761F70004AD219 /* HttpClient.swift in Sources */,
				0138085729761884004AD219 /* LoginProvider.swift in Sources */,
				0138084F297609EF004AD219 /* LoginAdapter.swift in Sources */,
			);
			runOnlyForDeploymentPostprocessing = 0;
		};
		01314F8E296CC6750076445C /* Sources */ = {
			isa = PBXSourcesBuildPhase;
			buildActionMask = 2147483647;
			files = (
				0138085429760AA2004AD219 /* HttpResponse.swift in Sources */,
				01CD7E8A2974C0860040B8FD /* LoginView.swift in Sources */,
				01314F97296CC6750076445C /* BlockBitsTests.swift in Sources */,
				01314FB8296CD6850076445C /* ApolloClient.swift in Sources */,
				0138085C29761F70004AD219 /* HttpClient.swift in Sources */,
				0138085829761884004AD219 /* LoginProvider.swift in Sources */,
				01380850297609EF004AD219 /* LoginAdapter.swift in Sources */,
			);
			runOnlyForDeploymentPostprocessing = 0;
		};
		01314F98296CC6750076445C /* Sources */ = {
			isa = PBXSourcesBuildPhase;
			buildActionMask = 2147483647;
			files = (
				0138085929761884004AD219 /* LoginProvider.swift in Sources */,
				0138085529760AA2004AD219 /* HttpResponse.swift in Sources */,
				0138085D29761F70004AD219 /* HttpClient.swift in Sources */,
				01314FA3296CC6750076445C /* BlockBitsUITestsLaunchTests.swift in Sources */,
				01314FA1296CC6750076445C /* BlockBitsUITests.swift in Sources */,
				01CD7E8B2974C0860040B8FD /* LoginView.swift in Sources */,
				01380851297609EF004AD219 /* LoginAdapter.swift in Sources */,
				01314FB9296CD6850076445C /* ApolloClient.swift in Sources */,
			);
			runOnlyForDeploymentPostprocessing = 0;
		};
/* End PBXSourcesBuildPhase section */

/* Begin PBXTargetDependency section */
		01314F94296CC6750076445C /* PBXTargetDependency */ = {
			isa = PBXTargetDependency;
			target = 01314F81296CC6700076445C /* BlockBits */;
			targetProxy = 01314F93296CC6750076445C /* PBXContainerItemProxy */;
		};
		01314F9E296CC6750076445C /* PBXTargetDependency */ = {
			isa = PBXTargetDependency;
			target = 01314F81296CC6700076445C /* BlockBits */;
			targetProxy = 01314F9D296CC6750076445C /* PBXContainerItemProxy */;
		};
/* End PBXTargetDependency section */

/* Begin XCBuildConfiguration section */
		01314FA4296CC6750076445C /* Debug */ = {
			isa = XCBuildConfiguration;
			buildSettings = {
				ALWAYS_SEARCH_USER_PATHS = NO;
				CLANG_ANALYZER_NONNULL = YES;
				CLANG_ANALYZER_NUMBER_OBJECT_CONVERSION = YES_AGGRESSIVE;
				CLANG_CXX_LANGUAGE_STANDARD = "gnu++20";
				CLANG_ENABLE_MODULES = YES;
				CLANG_ENABLE_OBJC_ARC = YES;
				CLANG_ENABLE_OBJC_WEAK = YES;
				CLANG_WARN_BLOCK_CAPTURE_AUTORELEASING = YES;
				CLANG_WARN_BOOL_CONVERSION = YES;
				CLANG_WARN_COMMA = YES;
				CLANG_WARN_CONSTANT_CONVERSION = YES;
				CLANG_WARN_DEPRECATED_OBJC_IMPLEMENTATIONS = YES;
				CLANG_WARN_DIRECT_OBJC_ISA_USAGE = YES_ERROR;
				CLANG_WARN_DOCUMENTATION_COMMENTS = YES;
				CLANG_WARN_EMPTY_BODY = YES;
				CLANG_WARN_ENUM_CONVERSION = YES;
				CLANG_WARN_INFINITE_RECURSION = YES;
				CLANG_WARN_INT_CONVERSION = YES;
				CLANG_WARN_NON_LITERAL_NULL_CONVERSION = YES;
				CLANG_WARN_OBJC_IMPLICIT_RETAIN_SELF = YES;
				CLANG_WARN_OBJC_LITERAL_CONVERSION = YES;
				CLANG_WARN_OBJC_ROOT_CLASS = YES_ERROR;
				CLANG_WARN_QUOTED_INCLUDE_IN_FRAMEWORK_HEADER = YES;
				CLANG_WARN_RANGE_LOOP_ANALYSIS = YES;
				CLANG_WARN_STRICT_PROTOTYPES = YES;
				CLANG_WARN_SUSPICIOUS_MOVE = YES;
				CLANG_WARN_UNGUARDED_AVAILABILITY = YES_AGGRESSIVE;
				CLANG_WARN_UNREACHABLE_CODE = YES;
				CLANG_WARN__DUPLICATE_METHOD_MATCH = YES;
				COPY_PHASE_STRIP = NO;
				DEBUG_INFORMATION_FORMAT = dwarf;
				ENABLE_STRICT_OBJC_MSGSEND = YES;
				ENABLE_TESTABILITY = YES;
				GCC_C_LANGUAGE_STANDARD = gnu11;
				GCC_DYNAMIC_NO_PIC = NO;
				GCC_NO_COMMON_BLOCKS = YES;
				GCC_OPTIMIZATION_LEVEL = 0;
				GCC_PREPROCESSOR_DEFINITIONS = (
					"DEBUG=1",
					"$(inherited)",
				);
				GCC_WARN_64_TO_32_BIT_CONVERSION = YES;
				GCC_WARN_ABOUT_RETURN_TYPE = YES_ERROR;
				GCC_WARN_UNDECLARED_SELECTOR = YES;
				GCC_WARN_UNINITIALIZED_AUTOS = YES_AGGRESSIVE;
				GCC_WARN_UNUSED_FUNCTION = YES;
				GCC_WARN_UNUSED_VARIABLE = YES;
				IPHONEOS_DEPLOYMENT_TARGET = 16.2;
				MTL_ENABLE_DEBUG_INFO = INCLUDE_SOURCE;
				MTL_FAST_MATH = YES;
				ONLY_ACTIVE_ARCH = YES;
				SDKROOT = iphoneos;
				SWIFT_ACTIVE_COMPILATION_CONDITIONS = DEBUG;
				SWIFT_OPTIMIZATION_LEVEL = "-Onone";
			};
			name = Debug;
		};
		01314FA5296CC6750076445C /* Release */ = {
			isa = XCBuildConfiguration;
			buildSettings = {
				ALWAYS_SEARCH_USER_PATHS = NO;
				CLANG_ANALYZER_NONNULL = YES;
				CLANG_ANALYZER_NUMBER_OBJECT_CONVERSION = YES_AGGRESSIVE;
				CLANG_CXX_LANGUAGE_STANDARD = "gnu++20";
				CLANG_ENABLE_MODULES = YES;
				CLANG_ENABLE_OBJC_ARC = YES;
				CLANG_ENABLE_OBJC_WEAK = YES;
				CLANG_WARN_BLOCK_CAPTURE_AUTORELEASING = YES;
				CLANG_WARN_BOOL_CONVERSION = YES;
				CLANG_WARN_COMMA = YES;
				CLANG_WARN_CONSTANT_CONVERSION = YES;
				CLANG_WARN_DEPRECATED_OBJC_IMPLEMENTATIONS = YES;
				CLANG_WARN_DIRECT_OBJC_ISA_USAGE = YES_ERROR;
				CLANG_WARN_DOCUMENTATION_COMMENTS = YES;
				CLANG_WARN_EMPTY_BODY = YES;
				CLANG_WARN_ENUM_CONVERSION = YES;
				CLANG_WARN_INFINITE_RECURSION = YES;
				CLANG_WARN_INT_CONVERSION = YES;
				CLANG_WARN_NON_LITERAL_NULL_CONVERSION = YES;
				CLANG_WARN_OBJC_IMPLICIT_RETAIN_SELF = YES;
				CLANG_WARN_OBJC_LITERAL_CONVERSION = YES;
				CLANG_WARN_OBJC_ROOT_CLASS = YES_ERROR;
				CLANG_WARN_QUOTED_INCLUDE_IN_FRAMEWORK_HEADER = YES;
				CLANG_WARN_RANGE_LOOP_ANALYSIS = YES;
				CLANG_WARN_STRICT_PROTOTYPES = YES;
				CLANG_WARN_SUSPICIOUS_MOVE = YES;
				CLANG_WARN_UNGUARDED_AVAILABILITY = YES_AGGRESSIVE;
				CLANG_WARN_UNREACHABLE_CODE = YES;
				CLANG_WARN__DUPLICATE_METHOD_MATCH = YES;
				COPY_PHASE_STRIP = NO;
				DEBUG_INFORMATION_FORMAT = "dwarf-with-dsym";
				ENABLE_NS_ASSERTIONS = NO;
				ENABLE_STRICT_OBJC_MSGSEND = YES;
				GCC_C_LANGUAGE_STANDARD = gnu11;
				GCC_NO_COMMON_BLOCKS = YES;
				GCC_WARN_64_TO_32_BIT_CONVERSION = YES;
				GCC_WARN_ABOUT_RETURN_TYPE = YES_ERROR;
				GCC_WARN_UNDECLARED_SELECTOR = YES;
				GCC_WARN_UNINITIALIZED_AUTOS = YES_AGGRESSIVE;
				GCC_WARN_UNUSED_FUNCTION = YES;
				GCC_WARN_UNUSED_VARIABLE = YES;
				IPHONEOS_DEPLOYMENT_TARGET = 16.2;
				MTL_ENABLE_DEBUG_INFO = NO;
				MTL_FAST_MATH = YES;
				SDKROOT = iphoneos;
				SWIFT_COMPILATION_MODE = wholemodule;
				SWIFT_OPTIMIZATION_LEVEL = "-O";
				VALIDATE_PRODUCT = YES;
			};
			name = Release;
		};
		01314FA7296CC6750076445C /* Debug */ = {
			isa = XCBuildConfiguration;
			buildSettings = {
				ASSETCATALOG_COMPILER_APPICON_NAME = AppIcon;
				ASSETCATALOG_COMPILER_GLOBAL_ACCENT_COLOR_NAME = AccentColor;
				CODE_SIGN_STYLE = Automatic;
				CURRENT_PROJECT_VERSION = 1;
				DEVELOPMENT_ASSET_PATHS = "\"BlockBits/Preview Content\"";
				DEVELOPMENT_TEAM = 2U4B9CUD5A;
				ENABLE_PREVIEWS = YES;
				GENERATE_INFOPLIST_FILE = YES;
				INFOPLIST_KEY_UIApplicationSceneManifest_Generation = YES;
				INFOPLIST_KEY_UIApplicationSupportsIndirectInputEvents = YES;
				INFOPLIST_KEY_UILaunchScreen_Generation = YES;
				INFOPLIST_KEY_UISupportedInterfaceOrientations_iPad = "UIInterfaceOrientationPortrait UIInterfaceOrientationPortraitUpsideDown UIInterfaceOrientationLandscapeLeft UIInterfaceOrientationLandscapeRight";
				INFOPLIST_KEY_UISupportedInterfaceOrientations_iPhone = "UIInterfaceOrientationPortrait UIInterfaceOrientationLandscapeLeft UIInterfaceOrientationLandscapeRight";
				LD_RUNPATH_SEARCH_PATHS = (
					"$(inherited)",
					"@executable_path/Frameworks",
				);
				MARKETING_VERSION = 1.0;
				PRODUCT_BUNDLE_IDENTIFIER = com.gci.BlockBits;
				PRODUCT_NAME = "$(TARGET_NAME)";
				SWIFT_EMIT_LOC_STRINGS = YES;
				SWIFT_VERSION = 5.0;
				TARGETED_DEVICE_FAMILY = "1,2";
			};
			name = Debug;
		};
		01314FA8296CC6750076445C /* Release */ = {
			isa = XCBuildConfiguration;
			buildSettings = {
				ASSETCATALOG_COMPILER_APPICON_NAME = AppIcon;
				ASSETCATALOG_COMPILER_GLOBAL_ACCENT_COLOR_NAME = AccentColor;
				CODE_SIGN_STYLE = Automatic;
				CURRENT_PROJECT_VERSION = 1;
				DEVELOPMENT_ASSET_PATHS = "\"BlockBits/Preview Content\"";
				DEVELOPMENT_TEAM = 2U4B9CUD5A;
				ENABLE_PREVIEWS = YES;
				GENERATE_INFOPLIST_FILE = YES;
				INFOPLIST_KEY_UIApplicationSceneManifest_Generation = YES;
				INFOPLIST_KEY_UIApplicationSupportsIndirectInputEvents = YES;
				INFOPLIST_KEY_UILaunchScreen_Generation = YES;
				INFOPLIST_KEY_UISupportedInterfaceOrientations_iPad = "UIInterfaceOrientationPortrait UIInterfaceOrientationPortraitUpsideDown UIInterfaceOrientationLandscapeLeft UIInterfaceOrientationLandscapeRight";
				INFOPLIST_KEY_UISupportedInterfaceOrientations_iPhone = "UIInterfaceOrientationPortrait UIInterfaceOrientationLandscapeLeft UIInterfaceOrientationLandscapeRight";
				LD_RUNPATH_SEARCH_PATHS = (
					"$(inherited)",
					"@executable_path/Frameworks",
				);
				MARKETING_VERSION = 1.0;
				PRODUCT_BUNDLE_IDENTIFIER = com.gci.BlockBits;
				PRODUCT_NAME = "$(TARGET_NAME)";
				SWIFT_EMIT_LOC_STRINGS = YES;
				SWIFT_VERSION = 5.0;
				TARGETED_DEVICE_FAMILY = "1,2";
			};
			name = Release;
		};
		01314FAA296CC6750076445C /* Debug */ = {
			isa = XCBuildConfiguration;
			buildSettings = {
				ALWAYS_EMBED_SWIFT_STANDARD_LIBRARIES = YES;
				BUNDLE_LOADER = "$(TEST_HOST)";
				CODE_SIGN_STYLE = Automatic;
				CURRENT_PROJECT_VERSION = 1;
				DEVELOPMENT_TEAM = 2U4B9CUD5A;
				GENERATE_INFOPLIST_FILE = YES;
				IPHONEOS_DEPLOYMENT_TARGET = 16.2;
				MARKETING_VERSION = 1.0;
				PRODUCT_BUNDLE_IDENTIFIER = com.gci.BlockBitsTests;
				PRODUCT_NAME = "$(TARGET_NAME)";
				SWIFT_EMIT_LOC_STRINGS = NO;
				SWIFT_VERSION = 5.0;
				TARGETED_DEVICE_FAMILY = "1,2";
				TEST_HOST = "$(BUILT_PRODUCTS_DIR)/BlockBits.app/$(BUNDLE_EXECUTABLE_FOLDER_PATH)/BlockBits";
			};
			name = Debug;
		};
		01314FAB296CC6750076445C /* Release */ = {
			isa = XCBuildConfiguration;
			buildSettings = {
				ALWAYS_EMBED_SWIFT_STANDARD_LIBRARIES = YES;
				BUNDLE_LOADER = "$(TEST_HOST)";
				CODE_SIGN_STYLE = Automatic;
				CURRENT_PROJECT_VERSION = 1;
				DEVELOPMENT_TEAM = 2U4B9CUD5A;
				GENERATE_INFOPLIST_FILE = YES;
				IPHONEOS_DEPLOYMENT_TARGET = 16.2;
				MARKETING_VERSION = 1.0;
				PRODUCT_BUNDLE_IDENTIFIER = com.gci.BlockBitsTests;
				PRODUCT_NAME = "$(TARGET_NAME)";
				SWIFT_EMIT_LOC_STRINGS = NO;
				SWIFT_VERSION = 5.0;
				TARGETED_DEVICE_FAMILY = "1,2";
				TEST_HOST = "$(BUILT_PRODUCTS_DIR)/BlockBits.app/$(BUNDLE_EXECUTABLE_FOLDER_PATH)/BlockBits";
			};
			name = Release;
		};
		01314FAD296CC6750076445C /* Debug */ = {
			isa = XCBuildConfiguration;
			buildSettings = {
				ALWAYS_EMBED_SWIFT_STANDARD_LIBRARIES = YES;
				CODE_SIGN_STYLE = Automatic;
				CURRENT_PROJECT_VERSION = 1;
				DEVELOPMENT_TEAM = 2U4B9CUD5A;
				GENERATE_INFOPLIST_FILE = YES;
				MARKETING_VERSION = 1.0;
				PRODUCT_BUNDLE_IDENTIFIER = com.gci.BlockBitsUITests;
				PRODUCT_NAME = "$(TARGET_NAME)";
				SWIFT_EMIT_LOC_STRINGS = NO;
				SWIFT_VERSION = 5.0;
				TARGETED_DEVICE_FAMILY = "1,2";
				TEST_TARGET_NAME = BlockBits;
			};
			name = Debug;
		};
		01314FAE296CC6750076445C /* Release */ = {
			isa = XCBuildConfiguration;
			buildSettings = {
				ALWAYS_EMBED_SWIFT_STANDARD_LIBRARIES = YES;
				CODE_SIGN_STYLE = Automatic;
				CURRENT_PROJECT_VERSION = 1;
				DEVELOPMENT_TEAM = 2U4B9CUD5A;
				GENERATE_INFOPLIST_FILE = YES;
				MARKETING_VERSION = 1.0;
				PRODUCT_BUNDLE_IDENTIFIER = com.gci.BlockBitsUITests;
				PRODUCT_NAME = "$(TARGET_NAME)";
				SWIFT_EMIT_LOC_STRINGS = NO;
				SWIFT_VERSION = 5.0;
				TARGETED_DEVICE_FAMILY = "1,2";
				TEST_TARGET_NAME = BlockBits;
			};
			name = Release;
		};
/* End XCBuildConfiguration section */

/* Begin XCConfigurationList section */
		01314F7D296CC6700076445C /* Build configuration list for PBXProject "BlockBits" */ = {
			isa = XCConfigurationList;
			buildConfigurations = (
				01314FA4296CC6750076445C /* Debug */,
				01314FA5296CC6750076445C /* Release */,
			);
			defaultConfigurationIsVisible = 0;
			defaultConfigurationName = Release;
		};
		01314FA6296CC6750076445C /* Build configuration list for PBXNativeTarget "BlockBits" */ = {
			isa = XCConfigurationList;
			buildConfigurations = (
				01314FA7296CC6750076445C /* Debug */,
				01314FA8296CC6750076445C /* Release */,
			);
			defaultConfigurationIsVisible = 0;
			defaultConfigurationName = Release;
		};
		01314FA9296CC6750076445C /* Build configuration list for PBXNativeTarget "BlockBitsTests" */ = {
			isa = XCConfigurationList;
			buildConfigurations = (
				01314FAA296CC6750076445C /* Debug */,
				01314FAB296CC6750076445C /* Release */,
			);
			defaultConfigurationIsVisible = 0;
			defaultConfigurationName = Release;
		};
		01314FAC296CC6750076445C /* Build configuration list for PBXNativeTarget "BlockBitsUITests" */ = {
			isa = XCConfigurationList;
			buildConfigurations = (
				01314FAD296CC6750076445C /* Debug */,
				01314FAE296CC6750076445C /* Release */,
			);
			defaultConfigurationIsVisible = 0;
			defaultConfigurationName = Release;
		};
/* End XCConfigurationList section */

/* Begin XCRemoteSwiftPackageReference section */
		01314FAF296CD3DF0076445C /* XCRemoteSwiftPackageReference "apollo-ios" */ = {
			isa = XCRemoteSwiftPackageReference;
			repositoryURL = "https://github.com/apollographql/apollo-ios.git";
			requirement = {
				kind = upToNextMajorVersion;
				minimumVersion = 1.0.0;
			};
		};
		01314FBD296CDD9A0076445C /* XCRemoteSwiftPackageReference "SwiftBloc" */ = {
			isa = XCRemoteSwiftPackageReference;
			repositoryURL = "https://github.com/VictorKachalov/SwiftBloc.git";
			requirement = {
				kind = upToNextMajorVersion;
				minimumVersion = 1.0.0;
			};
		};
/* End XCRemoteSwiftPackageReference section */

/* Begin XCSwiftPackageProductDependency section */
		01314FB0296CD3DF0076445C /* Apollo */ = {
			isa = XCSwiftPackageProductDependency;
			package = 01314FAF296CD3DF0076445C /* XCRemoteSwiftPackageReference "apollo-ios" */;
			productName = Apollo;
		};
		01314FBE296CDD9A0076445C /* SwiftBloc */ = {
			isa = XCSwiftPackageProductDependency;
			package = 01314FBD296CDD9A0076445C /* XCRemoteSwiftPackageReference "SwiftBloc" */;
			productName = SwiftBloc;
		};
/* End XCSwiftPackageProductDependency section */
	};
	rootObject = 01314F7A296CC6700076445C /* Project object */;
}
